
Microsoft Visual Studio Solution File, Format Version 12.00
# Visual Studio 2013
VisualStudioVersion = 12.0.40629.0
MinimumVisualStudioVersion = 10.0.40219.1
Project("{FAE04EC0-301F-11D3-BF4B-00C04F79EFBC}") = "ReversedBinaryNumbers", "ReversedBinaryNumbers\ReversedBinaryNumbers.csproj", "{06CD5680-8920-4690-891C-9475A30E5C46}"
EndProject
Project("{FAE04EC0-301F-11D3-BF4B-00C04F79EFBC}") = "ReversedBinaryNumbersTest", "ReversedBinaryNumbersTest\ReversedBinaryNumbersTest.csproj", "{DC33569E-F7A0-4407-A7C7-9B7BA5D7E722}"
EndProject
Global
	GlobalSection(SolutionConfigurationPlatforms) = preSolution
		Debug|Any CPU = Debug|Any CPU
		Release|Any CPU = Release|Any CPU
	EndGlobalSection
	GlobalSection(ProjectConfigurationPlatforms) = postSolution
		{06CD5680-8920-4690-891C-9475A30E5C46}.Debug|Any CPU.ActiveCfg = Debug|Any CPU
		{06CD5680-8920-4690-891C-9475A30E5C46}.Debug|Any CPU.Build.0 = Debug|Any CPU
		{06CD5680-8920-4690-891C-9475A30E5C46}.Release|Any CPU.ActiveCfg = Release|Any CPU
		{06CD5680-8920-4690-891C-9475A30E5C46}.Release|Any CPU.Build.0 = Release|Any CPU
		{DC33569E-F7A0-4407-A7C7-9B7BA5D7E722}.Debug|Any CPU.ActiveCfg = Debug|Any CPU
		{DC33569E-F7A0-4407-A7C7-9B7BA5D7E722}.Debug|Any CPU.Build.0 = Debug|Any CPU
		{DC33569E-F7A0-4407-A7C7-9B7BA5D7E722}.Release|Any CPU.ActiveCfg = Release|Any CPU
		{DC33569E-F7A0-4407-A7C7-9B7BA5D7E722}.Release|Any CPU.Build.0 = Release|Any CPU
	EndGlobalSection
	GlobalSection(SolutionProperties) = preSolution
		HideSolutionNode = FALSE
	EndGlobalSection
EndGlobal
